{
  "name": "yarn",
  "version": "9.0.0",
  "lockfileVersion": 1,
  "requires": true,
  "dependencies": {
    "@types/needle": {
      "version": "0.7.31",
      "resolved": "https://registry.npmjs.org/@types/needle/-/needle-0.7.31.tgz",
      "integrity": "sha1-ygThFsanYAm+MhQx6/oNI8xfsVs=",
      "requires": {
        "@types/node": "9.4.0"
      }
    },
    "@types/node": {
      "version": "9.4.0",
      "resolved": "https://registry.npmjs.org/@types/node/-/node-9.4.0.tgz",
      "integrity": "sha512-zkYho6/4wZyX6o9UQ8rd0ReEaiEYNNCqYFIAACe2Tf9DrYlgzWW27OigYHnnztnnZQwVRpwWmZKegFmDpinIsA=="
    },
    "bingspeech-api-client": {
      "version": "2.3.1",
      "resolved": "https://registry.npmjs.org/bingspeech-api-client/-/bingspeech-api-client-2.3.1.tgz",
      "integrity": "sha1-MUvaId7gtwuR2zB+KRod/kYcqFA=",
      "requires": {
        "@types/needle": "0.7.31",
        "debug": "2.6.9",
        "needle": "1.6.0",
        "uuid": "3.2.1"
      }
    },
    "debug": {
      "version": "2.6.9",
      "resolved": "https://registry.npmjs.org/debug/-/debug-2.6.9.tgz",
      "integrity": "sha512-bC7ElrdJaJnPbAP+1EotYvqZsb3ecl5wi6Bfi6BJTUcNowp6cvspg0jXznRTKDjm/E7AdgFBVeAPVMNcKGsHMA==",
      "requires": {
        "ms": "2.0.0"
      }
    },
    "iconv-lite": {
      "version": "0.4.19",
      "resolved": "https://registry.npmjs.org/iconv-lite/-/iconv-lite-0.4.19.tgz",
      "integrity": "sha512-oTZqweIP51xaGPI4uPa56/Pri/480R+mo7SeU+YETByQNhDG55ycFyNLIgta9vXhILrxXDmF7ZGhqZIcuN0gJQ=="
    },
    "microsoft-speech-browser-sdk": {
      "version": "0.0.12",
      "resolved": "https://registry.npmjs.org/microsoft-speech-browser-sdk/-/microsoft-speech-browser-sdk-0.0.12.tgz",
      "integrity": "sha512-JYIR/WpaCyV1wk+4ff3kSJMqJFehbeApzG9CJxR+mN3z+4hFKGB/D5GaFsdN5WtRvnrekzUYSOv2nljMQb3Nwg=="
    },
    "ms": {
      "version": "2.0.0",
      "resolved": "https://registry.npmjs.org/ms/-/ms-2.0.0.tgz",
      "integrity": "sha1-VgiurfwAvmwpAd9fmGF4jeDVl8g="
    },
    "needle": {
      "version": "1.6.0",
      "resolved": "https://registry.npmjs.org/needle/-/needle-1.6.0.tgz",
      "integrity": "sha1-9SpYWJchIWGOAC+OY4TK2sItYk8=",
      "requires": {
        "debug": "2.6.9",
        "iconv-lite": "0.4.19"
      }
    },
    "uuid": {
      "version": "3.2.1",
      "resolved": "https://registry.npmjs.org/uuid/-/uuid-3.2.1.tgz",
      "integrity": "sha512-jZnMwlb9Iku/O3smGWvZhauCf6cvvpKi4BKRiliS3cxnI+Gz9j5MEpTz2UFuXiKPJocb7gnsLHwiS05ige5BEA=="
    }
  }
}
